PODS:
  - FBSnapshotTestCase (2.1.4):
    - FBSnapshotTestCase/SwiftSupport (= 2.1.4)
  - FBSnapshotTestCase/Core (2.1.4)
  - FBSnapshotTestCase/SwiftSupport (2.1.4):
    - FBSnapshotTestCase/Core
  - KIF (3.6.0):
    - KIF/Core (= 3.6.0)
  - KIF/Core (3.6.0)
  - Nimble (7.0.2)
  - Nimble-Snapshots (6.2.2):
    - Nimble-Snapshots/Core (= 6.2.2)
  - Nimble-Snapshots/Core (6.2.2):
    - FBSnapshotTestCase (~> 2.0)
    - Nimble (~> 7.0)
  - PPAssetsActionController (0.3.1)
  - Quick (1.2.0)

DEPENDENCIES:
  - FBSnapshotTestCase
  - KIF
  - Nimble
  - Nimble-Snapshots (from `git@github.com:danielsaidi/Nimble-Snapshots.git`, branch `swift4`)
  - PPAssetsActionController (from `../`)
  - Quick

EXTERNAL SOURCES:
  Nimble-Snapshots:
    :branch: swift4
    :git: git@github.com:danielsaidi/Nimble-Snapshots.git
  PPAssetsActionController:
    :path: ../

CHECKOUT OPTIONS:
  Nimble-Snapshots:
    :commit: a263dec20cd3a741c51ff286e2a9919994f68b6f
    :git: git@github.com:danielsaidi/Nimble-Snapshots.git

SPEC CHECKSUMS:
  FBSnapshotTestCase: 094f9f314decbabe373b87cc339bea235a63e07a
  KIF: bd770edd8ce49bc7308501e4871e58a02d137be3
  Nimble: bfe1f814edabba69ff145cb1283e04ed636a67f2
  Nimble-Snapshots: f23ae8cb1d0f3c743b634d3cee3f7da2252cd40a
  PPAssetsActionController: 8a1766b67b21da75207a138a59fea1fce0575462
  Quick: 58d203b1c5e27fff7229c4c1ae445ad7069a7a08

PODFILE CHECKSUM: 86d67d3d5b453d29897f52a7502516752afb260b

COCOAPODS: 1.4.0.beta.1
