PODS:
  - FBSnapshotTestCase (2.1.4):
    - FBSnapshotTestCase/SwiftSupport (= 2.1.4)
  - FBSnapshotTestCase/Core (2.1.4)
  - FBSnapshotTestCase/SwiftSupport (2.1.4):
    - FBSnapshotTestCase/Core
  - KIF (3.5.1):
    - KIF/Core (= 3.5.1)
  - KIF/Core (3.5.1)
  - Nimble (5.1.0)
  - Nimble-Snapshots (4.3.0):
    - Nimble-Snapshots/Core (= 4.3.0)
  - Nimble-Snapshots/Core (4.3.0):
    - FBSnapshotTestCase (~> 2.0)
    - Nimble
    - Quick
  - PPAssetsActionController (0.1.0)
  - Quick (0.10.0)

DEPENDENCIES:
  - FBSnapshotTestCase
  - KIF
  - Nimble
  - Nimble-Snapshots
  - PPAssetsActionController (from `../`)
  - Quick

EXTERNAL SOURCES:
  PPAssetsActionController:
    :path: "../"

SPEC CHECKSUMS:
  FBSnapshotTestCase: 094f9f314decbabe373b87cc339bea235a63e07a
  KIF: 082eb65279e51c3092923802849eb796a04982ab
  Nimble: 5ea121a2eda60440287054cde077fc0ad22227b3
  Nimble-Snapshots: 4ba722c35b73a680cbd856e4bc22076dfb8085d4
  PPAssetsActionController: 410029cb4c93ed6adaf0b33f4281877041c6ef41
  Quick: 5d290df1c69d5ee2f0729956dcf0fd9a30447eaa

PODFILE CHECKSUM: 5d24b44a2ee23e49ec775e38d1fb1ee76b1a68ce

COCOAPODS: 1.1.1
